
Microsoft Visual Studio Solution File, Format Version 12.00
# Visual Studio Version 17
VisualStudioVersion = 17.7.34031.279
MinimumVisualStudioVersion = 10.0.40219.1
Project("{8BC9CEB8-8B4A-11D0-8D11-00A0C91BC942}") = "Project 3", "Project 3\Project 3.vcxproj", "{B3FCC3B4-E156-4B55-B924-DDA640BEC136}"
EndProject
Global
	GlobalSection(SolutionConfigurationPlatforms) = preSolution
		Debug|x64 = Debug|x64
		Debug|x86 = Debug|x86
		Release|x64 = Release|x64
		Release|x86 = Release|x86
	EndGlobalSection
	GlobalSection(ProjectConfigurationPlatforms) = postSolution
		{B3FCC3B4-E156-4B55-B924-DDA640BEC136}.Debug|x64.ActiveCfg = Debug|x64
		{B3FCC3B4-E156-4B55-B924-DDA640BEC136}.Debug|x64.Build.0 = Debug|x64
		{B3FCC3B4-E156-4B55-B924-DDA640BEC136}.Debug|x86.ActiveCfg = Debug|Win32
		{B3FCC3B4-E156-4B55-B924-DDA640BEC136}.Debug|x86.Build.0 = Debug|Win32
		{B3FCC3B4-E156-4B55-B924-DDA640BEC136}.Release|x64.ActiveCfg = Release|x64
		{B3FCC3B4-E156-4B55-B924-DDA640BEC136}.Release|x64.Build.0 = Release|x64
		{B3FCC3B4-E156-4B55-B924-DDA640BEC136}.Release|x86.ActiveCfg = Release|Win32
		{B3FCC3B4-E156-4B55-B924-DDA640BEC136}.Release|x86.Build.0 = Release|Win32
	EndGlobalSection
	GlobalSection(SolutionProperties) = preSolution
		HideSolutionNode = FALSE
	EndGlobalSection
	GlobalSection(ExtensibilityGlobals) = postSolution
		SolutionGuid = {9569C8B4-6B53-4271-9A2B-28A78EA05F07}
	EndGlobalSection
EndGlobal
